
Microsoft Visual Studio Solution File, Format Version 12.00
# Visual Studio Version 17
VisualStudioVersion = 17.3.32819.101
MinimumVisualStudioVersion = 10.0.40219.1
Project("{FAE04EC0-301F-11D3-BF4B-00C04F79EFBC}") = "ACMSnackDatabase", "ACMSnackDatabase.csproj", "{FDC2E031-5340-4BFA-817C-86AD1CF68B20}"
EndProject
Global
	GlobalSection(SolutionConfigurationPlatforms) = preSolution
		Debug|Any CPU = Debug|Any CPU
		Release|Any CPU = Release|Any CPU
	EndGlobalSection
	GlobalSection(ProjectConfigurationPlatforms) = postSolution
		{FDC2E031-5340-4BFA-817C-86AD1CF68B20}.Debug|Any CPU.ActiveCfg = Debug|Any CPU
		{FDC2E031-5340-4BFA-817C-86AD1CF68B20}.Debug|Any CPU.Build.0 = Debug|Any CPU
		{FDC2E031-5340-4BFA-817C-86AD1CF68B20}.Release|Any CPU.ActiveCfg = Release|Any CPU
		{FDC2E031-5340-4BFA-817C-86AD1CF68B20}.Release|Any CPU.Build.0 = Release|Any CPU
	EndGlobalSection
	GlobalSection(SolutionProperties) = preSolution
		HideSolutionNode = FALSE
	EndGlobalSection
	GlobalSection(ExtensibilityGlobals) = postSolution
		SolutionGuid = {F0828A80-FCE1-4199-832D-09BF2BF6332F}
	EndGlobalSection
EndGlobal
